
Microsoft Visual Studio Solution File, Format Version 12.00
# Visual Studio Version 16
VisualStudioVersion = 16.0.31205.134
MinimumVisualStudioVersion = 10.0.40219.1
Project("{FAE04EC0-301F-11D3-BF4B-00C04F79EFBC}") = "Minesweeper", "Minesweeper.csproj", "{31A2C638-2D67-4F23-B839-EE5595E78C44}"
EndProject
Global
	GlobalSection(SolutionConfigurationPlatforms) = preSolution
		Debug|Any CPU = Debug|Any CPU
		Release|Any CPU = Release|Any CPU
	EndGlobalSection
	GlobalSection(ProjectConfigurationPlatforms) = postSolution
		{31A2C638-2D67-4F23-B839-EE5595E78C44}.Debug|Any CPU.ActiveCfg = Debug|Any CPU
		{31A2C638-2D67-4F23-B839-EE5595E78C44}.Debug|Any CPU.Build.0 = Debug|Any CPU
		{31A2C638-2D67-4F23-B839-EE5595E78C44}.Release|Any CPU.ActiveCfg = Release|Any CPU
		{31A2C638-2D67-4F23-B839-EE5595E78C44}.Release|Any CPU.Build.0 = Release|Any CPU
	EndGlobalSection
	GlobalSection(SolutionProperties) = preSolution
		HideSolutionNode = FALSE
	EndGlobalSection
	GlobalSection(ExtensibilityGlobals) = postSolution
		SolutionGuid = {3DFC0148-81FD-49C4-9BB3-595EAD213718}
	EndGlobalSection
EndGlobal
